
Microsoft Visual Studio Solution File, Format Version 12.00
# Visual Studio Version 17
VisualStudioVersion = 17.10.35013.160
MinimumVisualStudioVersion = 10.0.40219.1
Project("{FAE04EC0-301F-11D3-BF4B-00C04F79EFBC}") = "MusicPlayer", "MusicPlayer\MusicPlayer.csproj", "{FFAFF5D4-47C2-4690-AD44-9C1FD8477244}"
EndProject
Global
	GlobalSection(SolutionConfigurationPlatforms) = preSolution
		Debug|Any CPU = Debug|Any CPU
		Release|Any CPU = Release|Any CPU
	EndGlobalSection
	GlobalSection(ProjectConfigurationPlatforms) = postSolution
		{FFAFF5D4-47C2-4690-AD44-9C1FD8477244}.Debug|Any CPU.ActiveCfg = Debug|Any CPU
		{FFAFF5D4-47C2-4690-AD44-9C1FD8477244}.Debug|Any CPU.Build.0 = Debug|Any CPU
		{FFAFF5D4-47C2-4690-AD44-9C1FD8477244}.Release|Any CPU.ActiveCfg = Release|Any CPU
		{FFAFF5D4-47C2-4690-AD44-9C1FD8477244}.Release|Any CPU.Build.0 = Release|Any CPU
	EndGlobalSection
	GlobalSection(SolutionProperties) = preSolution
		HideSolutionNode = FALSE
	EndGlobalSection
	GlobalSection(ExtensibilityGlobals) = postSolution
		SolutionGuid = {62D1E75B-894B-4211-88B0-51E32881908E}
	EndGlobalSection
EndGlobal
