
Microsoft Visual Studio Solution File, Format Version 12.00
# Visual Studio Version 17
VisualStudioVersion = 17.10.35013.160
MinimumVisualStudioVersion = 10.0.40219.1
Project("{FAE04EC0-301F-11D3-BF4B-00C04F79EFBC}") = "Labirent Oyunu", "Labirent Oyunu\Labirent Oyunu.csproj", "{9B1240D5-6EB2-4BD3-9803-17A893C93624}"
EndProject
Global
	GlobalSection(SolutionConfigurationPlatforms) = preSolution
		Debug|Any CPU = Debug|Any CPU
		Release|Any CPU = Release|Any CPU
	EndGlobalSection
	GlobalSection(ProjectConfigurationPlatforms) = postSolution
		{9B1240D5-6EB2-4BD3-9803-17A893C93624}.Debug|Any CPU.ActiveCfg = Debug|Any CPU
		{9B1240D5-6EB2-4BD3-9803-17A893C93624}.Debug|Any CPU.Build.0 = Debug|Any CPU
		{9B1240D5-6EB2-4BD3-9803-17A893C93624}.Release|Any CPU.ActiveCfg = Release|Any CPU
		{9B1240D5-6EB2-4BD3-9803-17A893C93624}.Release|Any CPU.Build.0 = Release|Any CPU
	EndGlobalSection
	GlobalSection(SolutionProperties) = preSolution
		HideSolutionNode = FALSE
	EndGlobalSection
	GlobalSection(ExtensibilityGlobals) = postSolution
		SolutionGuid = {68E2B8E6-1895-4C6B-8AED-45C63FFF4D14}
	EndGlobalSection
EndGlobal
